
Microsoft Visual Studio Solution File, Format Version 12.00
# Visual Studio Version 17
VisualStudioVersion = 17.9.34902.65
MinimumVisualStudioVersion = 10.0.40219.1
Project("{2150E333-8FDC-42A3-9474-1A3956D46DE8}") = "src", "src", "{7FA44633-1C1B-4E4C-9376-B76811373284}"
EndProject
Project("{FAE04EC0-301F-11D3-BF4B-00C04F79EFBC}") = "gRPCFileTransfer.Server", "src\gRPCFileTransfer.Server\gRPCFileTransfer.Server.csproj", "{DAC8BE2A-93F5-4CCC-AB50-08F947E05A44}"
EndProject
Project("{FAE04EC0-301F-11D3-BF4B-00C04F79EFBC}") = "gRPCFileTransfer.Upload", "src\gRPCFileTransfer.Upload\gRPCFileTransfer.Upload.csproj", "{785BFD26-F9CA-4D38-BA98-A929D3D3436F}"
EndProject
Project("{FAE04EC0-301F-11D3-BF4B-00C04F79EFBC}") = "gRPCFileTransfer.Download", "src\gRPCFileTransfer.Download\gRPCFileTransfer.Download.csproj", "{C99130F5-AD2B-4457-9DFB-0F4D116EDBB8}"
EndProject
Global
	GlobalSection(SolutionConfigurationPlatforms) = preSolution
		Debug|Any CPU = Debug|Any CPU
		Release|Any CPU = Release|Any CPU
	EndGlobalSection
	GlobalSection(ProjectConfigurationPlatforms) = postSolution
		{DAC8BE2A-93F5-4CCC-AB50-08F947E05A44}.Debug|Any CPU.ActiveCfg = Debug|Any CPU
		{DAC8BE2A-93F5-4CCC-AB50-08F947E05A44}.Debug|Any CPU.Build.0 = Debug|Any CPU
		{DAC8BE2A-93F5-4CCC-AB50-08F947E05A44}.Release|Any CPU.ActiveCfg = Release|Any CPU
		{DAC8BE2A-93F5-4CCC-AB50-08F947E05A44}.Release|Any CPU.Build.0 = Release|Any CPU
		{785BFD26-F9CA-4D38-BA98-A929D3D3436F}.Debug|Any CPU.ActiveCfg = Debug|Any CPU
		{785BFD26-F9CA-4D38-BA98-A929D3D3436F}.Debug|Any CPU.Build.0 = Debug|Any CPU
		{785BFD26-F9CA-4D38-BA98-A929D3D3436F}.Release|Any CPU.ActiveCfg = Release|Any CPU
		{785BFD26-F9CA-4D38-BA98-A929D3D3436F}.Release|Any CPU.Build.0 = Release|Any CPU
		{C99130F5-AD2B-4457-9DFB-0F4D116EDBB8}.Debug|Any CPU.ActiveCfg = Debug|Any CPU
		{C99130F5-AD2B-4457-9DFB-0F4D116EDBB8}.Debug|Any CPU.Build.0 = Debug|Any CPU
		{C99130F5-AD2B-4457-9DFB-0F4D116EDBB8}.Release|Any CPU.ActiveCfg = Release|Any CPU
		{C99130F5-AD2B-4457-9DFB-0F4D116EDBB8}.Release|Any CPU.Build.0 = Release|Any CPU
	EndGlobalSection
	GlobalSection(SolutionProperties) = preSolution
		HideSolutionNode = FALSE
	EndGlobalSection
	GlobalSection(NestedProjects) = preSolution
		{DAC8BE2A-93F5-4CCC-AB50-08F947E05A44} = {7FA44633-1C1B-4E4C-9376-B76811373284}
		{785BFD26-F9CA-4D38-BA98-A929D3D3436F} = {7FA44633-1C1B-4E4C-9376-B76811373284}
		{C99130F5-AD2B-4457-9DFB-0F4D116EDBB8} = {7FA44633-1C1B-4E4C-9376-B76811373284}
	EndGlobalSection
	GlobalSection(ExtensibilityGlobals) = postSolution
		SolutionGuid = {CC15A5B1-19E4-4846-97A7-3E4F91D02097}
	EndGlobalSection
EndGlobal
